
Microsoft Visual Studio Solution File, Format Version 12.00
# Visual Studio Version 17
VisualStudioVersion = 17.0.31912.275
MinimumVisualStudioVersion = 10.0.40219.1
Project("{9A19103F-16F7-4668-BE54-9A1E7A4F7556}") = "ChessConsole", "src\ChessConsole\ChessConsole.csproj", "{1748A058-7DDC-4F23-B27A-F3A016F38647}"
EndProject
Project("{9A19103F-16F7-4668-BE54-9A1E7A4F7556}") = "ChessCoreTest", "test\ChessCoreTest\ChessCoreTest.csproj", "{C55E4C76-4858-48F2-882D-61EF730352AF}"
EndProject
Project("{FAE04EC0-301F-11D3-BF4B-00C04F79EFBC}") = "ChessCore", "src\ChessCore\ChessCore.csproj", "{AA5BC10E-6D4D-456B-9B8F-5AAD934A4BA9}"
EndProject
Global
	GlobalSection(SolutionConfigurationPlatforms) = preSolution
		Debug|Any CPU = Debug|Any CPU
		Release|Any CPU = Release|Any CPU
	EndGlobalSection
	GlobalSection(ProjectConfigurationPlatforms) = postSolution
		{1748A058-7DDC-4F23-B27A-F3A016F38647}.Debug|Any CPU.ActiveCfg = Debug|Any CPU
		{1748A058-7DDC-4F23-B27A-F3A016F38647}.Debug|Any CPU.Build.0 = Debug|Any CPU
		{1748A058-7DDC-4F23-B27A-F3A016F38647}.Release|Any CPU.ActiveCfg = Release|Any CPU
		{1748A058-7DDC-4F23-B27A-F3A016F38647}.Release|Any CPU.Build.0 = Release|Any CPU
		{C55E4C76-4858-48F2-882D-61EF730352AF}.Debug|Any CPU.ActiveCfg = Debug|Any CPU
		{C55E4C76-4858-48F2-882D-61EF730352AF}.Debug|Any CPU.Build.0 = Debug|Any CPU
		{C55E4C76-4858-48F2-882D-61EF730352AF}.Release|Any CPU.ActiveCfg = Release|Any CPU
		{C55E4C76-4858-48F2-882D-61EF730352AF}.Release|Any CPU.Build.0 = Release|Any CPU
		{AA5BC10E-6D4D-456B-9B8F-5AAD934A4BA9}.Debug|Any CPU.ActiveCfg = Debug|Any CPU
		{AA5BC10E-6D4D-456B-9B8F-5AAD934A4BA9}.Debug|Any CPU.Build.0 = Debug|Any CPU
		{AA5BC10E-6D4D-456B-9B8F-5AAD934A4BA9}.Release|Any CPU.ActiveCfg = Release|Any CPU
		{AA5BC10E-6D4D-456B-9B8F-5AAD934A4BA9}.Release|Any CPU.Build.0 = Release|Any CPU
	EndGlobalSection
	GlobalSection(SolutionProperties) = preSolution
		HideSolutionNode = FALSE
	EndGlobalSection
	GlobalSection(ExtensibilityGlobals) = postSolution
		SolutionGuid = {545050BE-DCE6-4C58-847B-CD108EF09628}
	EndGlobalSection
EndGlobal
